
Microsoft Visual Studio Solution File, Format Version 11.00
# Visual Studio 2010
Project("{FAE04EC0-301F-11D3-BF4B-00C04F79EFBC}") = "Anthyme.CanvasDraw", "Anthyme.CanvasDraw\Anthyme.CanvasDraw.csproj", "{EB0EC789-0D96-4556-99AD-5F0CA26B3EEF}"
EndProject
Global
	GlobalSection(SolutionConfigurationPlatforms) = preSolution
		Debug|Any CPU = Debug|Any CPU
		Release|Any CPU = Release|Any CPU
	EndGlobalSection
	GlobalSection(ProjectConfigurationPlatforms) = postSolution
		{EB0EC789-0D96-4556-99AD-5F0CA26B3EEF}.Debug|Any CPU.ActiveCfg = Debug|Any CPU
		{EB0EC789-0D96-4556-99AD-5F0CA26B3EEF}.Debug|Any CPU.Build.0 = Debug|Any CPU
		{EB0EC789-0D96-4556-99AD-5F0CA26B3EEF}.Release|Any CPU.ActiveCfg = Release|Any CPU
		{EB0EC789-0D96-4556-99AD-5F0CA26B3EEF}.Release|Any CPU.Build.0 = Release|Any CPU
	EndGlobalSection
	GlobalSection(SolutionProperties) = preSolution
		HideSolutionNode = FALSE
	EndGlobalSection
EndGlobal
